
Microsoft Visual Studio Solution File, Format Version 12.00
# Visual Studio 15
VisualStudioVersion = 15.0.27130.2020
MinimumVisualStudioVersion = 10.0.40219.1
Project("{9A19103F-16F7-4668-BE54-9A1E7A4F7556}") = "demo", "demo\demo.csproj", "{72DBACE3-A942-4FFD-975A-AD314F3BC9DC}"
EndProject
Project("{9A19103F-16F7-4668-BE54-9A1E7A4F7556}") = "ffmpegcore", "ffmpegcore\ffmpegcore.csproj", "{517D5D2A-4E39-412B-B2C3-597880C23748}"
EndProject
Global
	GlobalSection(SolutionConfigurationPlatforms) = preSolution
		Debug|Any CPU = Debug|Any CPU
		Release|Any CPU = Release|Any CPU
	EndGlobalSection
	GlobalSection(ProjectConfigurationPlatforms) = postSolution
		{72DBACE3-A942-4FFD-975A-AD314F3BC9DC}.Debug|Any CPU.ActiveCfg = Debug|Any CPU
		{72DBACE3-A942-4FFD-975A-AD314F3BC9DC}.Debug|Any CPU.Build.0 = Debug|Any CPU
		{72DBACE3-A942-4FFD-975A-AD314F3BC9DC}.Release|Any CPU.ActiveCfg = Release|Any CPU
		{72DBACE3-A942-4FFD-975A-AD314F3BC9DC}.Release|Any CPU.Build.0 = Release|Any CPU
		{517D5D2A-4E39-412B-B2C3-597880C23748}.Debug|Any CPU.ActiveCfg = Debug|Any CPU
		{517D5D2A-4E39-412B-B2C3-597880C23748}.Debug|Any CPU.Build.0 = Debug|Any CPU
		{517D5D2A-4E39-412B-B2C3-597880C23748}.Release|Any CPU.ActiveCfg = Release|Any CPU
		{517D5D2A-4E39-412B-B2C3-597880C23748}.Release|Any CPU.Build.0 = Release|Any CPU
	EndGlobalSection
	GlobalSection(SolutionProperties) = preSolution
		HideSolutionNode = FALSE
	EndGlobalSection
	GlobalSection(ExtensibilityGlobals) = postSolution
		SolutionGuid = {90120FB8-B602-4F2D-B535-20A419B8FAC4}
	EndGlobalSection
EndGlobal
